
Microsoft Visual Studio Solution File, Format Version 12.00
# Visual Studio 15
VisualStudioVersion = 15.0.26124.0
MinimumVisualStudioVersion = 15.0.26124.0
Project("{2150E333-8FDC-42A3-9474-1A3956D46DE8}") = "src", "src", "{98697BA7-F222-49CC-A5D3-8547821A54C8}"
EndProject
Project("{FAE04EC0-301F-11D3-BF4B-00C04F79EFBC}") = "SharpFuzz", "src\SharpFuzz\SharpFuzz.csproj", "{65536044-92BB-4160-9312-8170BF16A242}"
EndProject
Project("{FAE04EC0-301F-11D3-BF4B-00C04F79EFBC}") = "SharpFuzz.Common", "src\SharpFuzz.Common\SharpFuzz.Common.csproj", "{15898165-B069-4B1B-A215-D65B2E49C17D}"
EndProject
Global
	GlobalSection(SolutionConfigurationPlatforms) = preSolution
		Debug|Any CPU = Debug|Any CPU
		Debug|x64 = Debug|x64
		Debug|x86 = Debug|x86
		Release|Any CPU = Release|Any CPU
		Release|x64 = Release|x64
		Release|x86 = Release|x86
	EndGlobalSection
	GlobalSection(SolutionProperties) = preSolution
		HideSolutionNode = FALSE
	EndGlobalSection
	GlobalSection(ProjectConfigurationPlatforms) = postSolution
		{65536044-92BB-4160-9312-8170BF16A242}.Debug|Any CPU.ActiveCfg = Debug|Any CPU
		{65536044-92BB-4160-9312-8170BF16A242}.Debug|Any CPU.Build.0 = Debug|Any CPU
		{65536044-92BB-4160-9312-8170BF16A242}.Debug|x64.ActiveCfg = Debug|Any CPU
		{65536044-92BB-4160-9312-8170BF16A242}.Debug|x64.Build.0 = Debug|Any CPU
		{65536044-92BB-4160-9312-8170BF16A242}.Debug|x86.ActiveCfg = Debug|Any CPU
		{65536044-92BB-4160-9312-8170BF16A242}.Debug|x86.Build.0 = Debug|Any CPU
		{65536044-92BB-4160-9312-8170BF16A242}.Release|Any CPU.ActiveCfg = Release|Any CPU
		{65536044-92BB-4160-9312-8170BF16A242}.Release|Any CPU.Build.0 = Release|Any CPU
		{65536044-92BB-4160-9312-8170BF16A242}.Release|x64.ActiveCfg = Release|Any CPU
		{65536044-92BB-4160-9312-8170BF16A242}.Release|x64.Build.0 = Release|Any CPU
		{65536044-92BB-4160-9312-8170BF16A242}.Release|x86.ActiveCfg = Release|Any CPU
		{65536044-92BB-4160-9312-8170BF16A242}.Release|x86.Build.0 = Release|Any CPU
		{15898165-B069-4B1B-A215-D65B2E49C17D}.Debug|Any CPU.ActiveCfg = Debug|Any CPU
		{15898165-B069-4B1B-A215-D65B2E49C17D}.Debug|Any CPU.Build.0 = Debug|Any CPU
		{15898165-B069-4B1B-A215-D65B2E49C17D}.Debug|x64.ActiveCfg = Debug|Any CPU
		{15898165-B069-4B1B-A215-D65B2E49C17D}.Debug|x64.Build.0 = Debug|Any CPU
		{15898165-B069-4B1B-A215-D65B2E49C17D}.Debug|x86.ActiveCfg = Debug|Any CPU
		{15898165-B069-4B1B-A215-D65B2E49C17D}.Debug|x86.Build.0 = Debug|Any CPU
		{15898165-B069-4B1B-A215-D65B2E49C17D}.Release|Any CPU.ActiveCfg = Release|Any CPU
		{15898165-B069-4B1B-A215-D65B2E49C17D}.Release|Any CPU.Build.0 = Release|Any CPU
		{15898165-B069-4B1B-A215-D65B2E49C17D}.Release|x64.ActiveCfg = Release|Any CPU
		{15898165-B069-4B1B-A215-D65B2E49C17D}.Release|x64.Build.0 = Release|Any CPU
		{15898165-B069-4B1B-A215-D65B2E49C17D}.Release|x86.ActiveCfg = Release|Any CPU
		{15898165-B069-4B1B-A215-D65B2E49C17D}.Release|x86.Build.0 = Release|Any CPU
	EndGlobalSection
	GlobalSection(NestedProjects) = preSolution
		{65536044-92BB-4160-9312-8170BF16A242} = {98697BA7-F222-49CC-A5D3-8547821A54C8}
		{15898165-B069-4B1B-A215-D65B2E49C17D} = {98697BA7-F222-49CC-A5D3-8547821A54C8}
	EndGlobalSection
EndGlobal
