
Microsoft Visual Studio Solution File, Format Version 12.00
# Visual Studio 15
VisualStudioVersion = 15.0.26124.0
MinimumVisualStudioVersion = 15.0.26124.0
Project("{2150E333-8FDC-42A3-9474-1A3956D46DE8}") = "src", "src", "{A0C92B49-5194-4008-92B4-2A6BF3299F6A}"
EndProject
Project("{2150E333-8FDC-42A3-9474-1A3956D46DE8}") = "SharpFuzz.Samples", "SharpFuzz.Samples", "{0360AEC2-240D-4429-82AE-CB2C4B23CAD8}"
EndProject
Project("{2150E333-8FDC-42A3-9474-1A3956D46DE8}") = "MsgPack", "MsgPack", "{02ADD5E9-0A6F-42BC-A84A-7DA4552B502D}"
EndProject
Project("{FAE04EC0-301F-11D3-BF4B-00C04F79EFBC}") = "MsgPack.Run", "src\SharpFuzz.Samples\MsgPack\MsgPack.Run\MsgPack.Run.csproj", "{539B9CA4-BF3E-4987-A77B-BED4728DD0EE}"
EndProject
Project("{FAE04EC0-301F-11D3-BF4B-00C04F79EFBC}") = "MsgPack.Fuzz", "src\SharpFuzz.Samples\MsgPack\MsgPack.Fuzz\MsgPack.Fuzz.csproj", "{19B95B13-BAFF-44EF-A8C5-61D8AB757618}"
EndProject
Project("{2150E333-8FDC-42A3-9474-1A3956D46DE8}") = "NUglify", "NUglify", "{D77AC9CA-C4D7-4656-BA22-95840618F12B}"
EndProject
Project("{FAE04EC0-301F-11D3-BF4B-00C04F79EFBC}") = "NUglify.Fuzz", "src\SharpFuzz.Samples\NUglify\NUglify.Fuzz\NUglify.Fuzz.csproj", "{C21CBADB-0AFC-4DCC-A267-5963D8B621F5}"
EndProject
Project("{FAE04EC0-301F-11D3-BF4B-00C04F79EFBC}") = "NUglify.Run", "src\SharpFuzz.Samples\NUglify\NUglify.Run\NUglify.Run.csproj", "{86814DF7-C335-4D11-B81C-465EF1ACA815}"
EndProject
Project("{2150E333-8FDC-42A3-9474-1A3956D46DE8}") = "Newtonsoft.Json", "Newtonsoft.Json", "{56EAC788-EA9D-489F-AD23-C202F2A891EF}"
EndProject
Project("{FAE04EC0-301F-11D3-BF4B-00C04F79EFBC}") = "Newtonsoft.Json.Fuzz", "src\SharpFuzz.Samples\Newtonsoft.Json\Newtonsoft.Json.Fuzz\Newtonsoft.Json.Fuzz.csproj", "{C8A03623-3670-4C94-987D-EC5B25389BD6}"
EndProject
Project("{FAE04EC0-301F-11D3-BF4B-00C04F79EFBC}") = "Newtonsoft.Json.Run", "src\SharpFuzz.Samples\Newtonsoft.Json\Newtonsoft.Json.Run\Newtonsoft.Json.Run.csproj", "{160E5384-5424-40E8-9632-D7F720E9DD48}"
EndProject
Project("{2150E333-8FDC-42A3-9474-1A3956D46DE8}") = "ServiceStack.Text", "ServiceStack.Text", "{CD4C8533-8F91-40E5-A055-4B4CAC41EC64}"
EndProject
Project("{FAE04EC0-301F-11D3-BF4B-00C04F79EFBC}") = "ServiceStack.Text.Fuzz", "src\SharpFuzz.Samples\ServiceStack.Text\ServiceStack.Text.Fuzz\ServiceStack.Text.Fuzz.csproj", "{C1F29E7F-D855-43E3-AC86-BF4FBCEC39EB}"
EndProject
Project("{FAE04EC0-301F-11D3-BF4B-00C04F79EFBC}") = "ServiceStack.Text.Run", "src\SharpFuzz.Samples\ServiceStack.Text\ServiceStack.Text.Run\ServiceStack.Text.Run.csproj", "{50446CB2-818A-4A30-99F4-DA8C1BE73837}"
EndProject
Project("{2150E333-8FDC-42A3-9474-1A3956D46DE8}") = "Jil", "Jil", "{B6F930A6-9604-41AA-9C8E-321402F77BEB}"
EndProject
Project("{FAE04EC0-301F-11D3-BF4B-00C04F79EFBC}") = "Jil.Fuzz", "src\SharpFuzz.Samples\Jil\Jil.Fuzz\Jil.Fuzz.csproj", "{EF63374D-B133-4395-875E-0C35CF353D04}"
EndProject
Project("{FAE04EC0-301F-11D3-BF4B-00C04F79EFBC}") = "Jil.Run", "src\SharpFuzz.Samples\Jil\Jil.Run\Jil.Run.csproj", "{92860397-B228-4EC2-8F3C-AFAB95122FB4}"
EndProject
Project("{2150E333-8FDC-42A3-9474-1A3956D46DE8}") = "SixLabors.ImageSharp", "SixLabors.ImageSharp", "{65E4DB67-8665-439A-85AC-3A314B762D79}"
EndProject
Project("{FAE04EC0-301F-11D3-BF4B-00C04F79EFBC}") = "SixLabors.ImageSharp.Run", "src\SharpFuzz.Samples\SixLabors.ImageSharp\SixLabors.ImageSharp.Run\SixLabors.ImageSharp.Run.csproj", "{AD18EA2D-72FF-4D2F-95C5-357C92C0A9AF}"
EndProject
Project("{FAE04EC0-301F-11D3-BF4B-00C04F79EFBC}") = "SixLabors.ImageSharp.Fuzz", "src\SharpFuzz.Samples\SixLabors.ImageSharp\SixLabors.ImageSharp.Fuzz\SixLabors.ImageSharp.Fuzz.csproj", "{46AB4B03-CAD3-4AFD-BBF3-217CF7A3FE55}"
EndProject
Project("{2150E333-8FDC-42A3-9474-1A3956D46DE8}") = "SharpZipLib", "SharpZipLib", "{E9A1CAEC-E3E5-493D-B6AE-9781F69A83D4}"
EndProject
Project("{FAE04EC0-301F-11D3-BF4B-00C04F79EFBC}") = "SharpZipLib.Fuzz", "src\SharpFuzz.Samples\SharpZipLib\SharpZipLib.Fuzz\SharpZipLib.Fuzz.csproj", "{FEE57416-5E1F-4F62-B9FF-41F7492660C6}"
EndProject
Project("{FAE04EC0-301F-11D3-BF4B-00C04F79EFBC}") = "SharpZipLib.Run", "src\SharpFuzz.Samples\SharpZipLib\SharpZipLib.Run\SharpZipLib.Run.csproj", "{009237A9-C8AF-4A9C-885A-FC0F3C55C165}"
EndProject
Project("{2150E333-8FDC-42A3-9474-1A3956D46DE8}") = "LumenWorksCsvReader", "LumenWorksCsvReader", "{2CD4A668-31BA-4D87-9240-E58D8F9F341F}"
EndProject
Project("{FAE04EC0-301F-11D3-BF4B-00C04F79EFBC}") = "LumenWorksCsvReader.Fuzz", "src\SharpFuzz.Samples\LumenWorksCsvReader\LumenWorksCsvReader.Fuzz\LumenWorksCsvReader.Fuzz.csproj", "{78D4498B-15DF-4E25-8F17-3238264FEDF9}"
EndProject
Project("{FAE04EC0-301F-11D3-BF4B-00C04F79EFBC}") = "LumenWorksCsvReader.Run", "src\SharpFuzz.Samples\LumenWorksCsvReader\LumenWorksCsvReader.Run\LumenWorksCsvReader.Run.csproj", "{DA33B58A-BEE4-45FC-8A03-6E71E57CD719}"
EndProject
Project("{2150E333-8FDC-42A3-9474-1A3956D46DE8}") = "YamlDotNet", "YamlDotNet", "{C1D5E598-1623-40C3-A3CC-97FAD9DADDB8}"
EndProject
Project("{FAE04EC0-301F-11D3-BF4B-00C04F79EFBC}") = "YamlDotNet.Fuzz", "src\SharpFuzz.Samples\YamlDotNet\YamlDotNet.Fuzz\YamlDotNet.Fuzz.csproj", "{11DCFDAA-C678-4C15-A7F2-B1D983F89771}"
EndProject
Project("{FAE04EC0-301F-11D3-BF4B-00C04F79EFBC}") = "YamlDotNet.Run", "src\SharpFuzz.Samples\YamlDotNet\YamlDotNet.Run\YamlDotNet.Run.csproj", "{6411D397-FE83-45D9-90C3-0DCAC361464B}"
EndProject
Project("{2150E333-8FDC-42A3-9474-1A3956D46DE8}") = "ExCSS", "ExCSS", "{47F34486-D8DC-49BA-B22E-6015B180F56C}"
EndProject
Project("{FAE04EC0-301F-11D3-BF4B-00C04F79EFBC}") = "ExCSS.Run", "src\SharpFuzz.Samples\ExCSS\ExCSS.Run\ExCSS.Run.csproj", "{0193DC83-7111-4264-A079-858F0401DB86}"
EndProject
Project("{FAE04EC0-301F-11D3-BF4B-00C04F79EFBC}") = "ExCSS.Fuzz", "src\SharpFuzz.Samples\ExCSS\ExCSS.Fuzz\ExCSS.Fuzz.csproj", "{B24C90B5-1440-4DBB-B972-B7F4E1BF6125}"
EndProject
Project("{2150E333-8FDC-42A3-9474-1A3956D46DE8}") = "BouncyCastle", "BouncyCastle", "{71EA921C-7139-4F52-B70B-0AEF6FC3130B}"
EndProject
Project("{FAE04EC0-301F-11D3-BF4B-00C04F79EFBC}") = "BouncyCastle.Fuzz", "src\SharpFuzz.Samples\BouncyCastle\BouncyCastle.Fuzz\BouncyCastle.Fuzz.csproj", "{3D33C086-7CDF-4814-9350-DCD7BC042E10}"
EndProject
Project("{FAE04EC0-301F-11D3-BF4B-00C04F79EFBC}") = "BouncyCastle.Run", "src\SharpFuzz.Samples\BouncyCastle\BouncyCastle.Run\BouncyCastle.Run.csproj", "{33897855-C1EE-46D0-8A46-6F50660427ED}"
EndProject
Project("{2150E333-8FDC-42A3-9474-1A3956D46DE8}") = "Mono.Cecil", "Mono.Cecil", "{B084B4A9-AC63-4CE3-8C48-C3FEA7395F82}"
EndProject
Project("{FAE04EC0-301F-11D3-BF4B-00C04F79EFBC}") = "Mono.Cecil.Run", "src\SharpFuzz.Samples\Mono.Cecil\Mono.Cecil.Run\Mono.Cecil.Run.csproj", "{D67045C4-6C3A-4EFE-906B-9090BA5D4786}"
EndProject
Project("{FAE04EC0-301F-11D3-BF4B-00C04F79EFBC}") = "Mono.Cecil.Fuzz", "src\SharpFuzz.Samples\Mono.Cecil\Mono.Cecil.Fuzz\Mono.Cecil.Fuzz.csproj", "{8A8A62AD-3918-45FA-8837-771F5819A49D}"
EndProject
Project("{2150E333-8FDC-42A3-9474-1A3956D46DE8}") = "protobuf-net", "protobuf-net", "{BAB69057-30A9-47E5-A85A-E0DEBAA90AD1}"
EndProject
Project("{FAE04EC0-301F-11D3-BF4B-00C04F79EFBC}") = "protobuf-net.Fuzz", "src\SharpFuzz.Samples\protobuf-net\protobuf-net.Fuzz\protobuf-net.Fuzz.csproj", "{2B5BBCBB-D75B-46D2-9FB3-7A33FDD4C5B0}"
EndProject
Project("{FAE04EC0-301F-11D3-BF4B-00C04F79EFBC}") = "protobuf-net.Run", "src\SharpFuzz.Samples\protobuf-net\protobuf-net.Run\protobuf-net.Run.csproj", "{22FA339A-CF19-42CB-B266-4FD452F21965}"
EndProject
Project("{2150E333-8FDC-42A3-9474-1A3956D46DE8}") = "SixLabors.Fonts", "SixLabors.Fonts", "{EE9C3FFA-CF54-46FC-9EC9-EA5F2FEE83BF}"
EndProject
Project("{FAE04EC0-301F-11D3-BF4B-00C04F79EFBC}") = "SixLabors.Fonts.Fuzz", "src\SharpFuzz.Samples\SixLabors.Fonts\SixLabors.Fonts.Fuzz\SixLabors.Fonts.Fuzz.csproj", "{1B381107-B4EE-482D-9BC6-6C9A39B2DAF7}"
EndProject
Project("{FAE04EC0-301F-11D3-BF4B-00C04F79EFBC}") = "SixLabors.Fonts.Run", "src\SharpFuzz.Samples\SixLabors.Fonts\SixLabors.Fonts.Run\SixLabors.Fonts.Run.csproj", "{28F03355-B870-4D66-8F11-FA4D57DA0982}"
EndProject
Project("{2150E333-8FDC-42A3-9474-1A3956D46DE8}") = "MessagePack", "MessagePack", "{C8BC0A92-CC9E-4C42-B173-56C5DE09B81B}"
EndProject
Project("{FAE04EC0-301F-11D3-BF4B-00C04F79EFBC}") = "MessagePack.Fuzz", "src\SharpFuzz.Samples\MessagePack\MessagePack.Fuzz\MessagePack.Fuzz.csproj", "{E057B75A-786E-408F-A621-57B3DEC30B39}"
EndProject
Project("{FAE04EC0-301F-11D3-BF4B-00C04F79EFBC}") = "MessagePack.Run", "src\SharpFuzz.Samples\MessagePack\MessagePack.Run\MessagePack.Run.csproj", "{0EC92BCE-BC22-436C-82D1-26AAE24B44C3}"
EndProject
Project("{2150E333-8FDC-42A3-9474-1A3956D46DE8}") = "GraphQL-Parser", "GraphQL-Parser", "{52203D46-35B2-4234-84BB-F74AFCD98F38}"
EndProject
Project("{FAE04EC0-301F-11D3-BF4B-00C04F79EFBC}") = "GraphQL-Parser.Run", "src\SharpFuzz.Samples\GraphQL-Parser\GraphQL-Parser.Run\GraphQL-Parser.Run.csproj", "{81B1CFDF-B9B8-4D00-AA7E-44D777C3731B}"
EndProject
Project("{FAE04EC0-301F-11D3-BF4B-00C04F79EFBC}") = "GraphQL-Parser.Fuzz", "src\SharpFuzz.Samples\GraphQL-Parser\GraphQL-Parser.Fuzz\GraphQL-Parser.Fuzz.csproj", "{6718BCD9-B77F-4ED3-89B4-C8758539D7C2}"
EndProject
Project("{2150E333-8FDC-42A3-9474-1A3956D46DE8}") = "Utf8Json", "Utf8Json", "{D509B2D3-960E-42B3-A31B-D85993FBCAC4}"
EndProject
Project("{FAE04EC0-301F-11D3-BF4B-00C04F79EFBC}") = "Utf8Json.Run", "src\SharpFuzz.Samples\Utf8Json\Utf8Json.Run\Utf8Json.Run.csproj", "{57D52A1B-3C37-4061-9540-AE1133412173}"
EndProject
Project("{FAE04EC0-301F-11D3-BF4B-00C04F79EFBC}") = "Utf8Json.Fuzz", "src\SharpFuzz.Samples\Utf8Json\Utf8Json.Fuzz\Utf8Json.Fuzz.csproj", "{E9F4CB56-167A-43FB-8B4A-801EECCE9708}"
EndProject
Project("{2150E333-8FDC-42A3-9474-1A3956D46DE8}") = "itext7", "itext7", "{B69AE385-D7CD-41F7-8AEF-A147CF1F5075}"
EndProject
Project("{FAE04EC0-301F-11D3-BF4B-00C04F79EFBC}") = "itext7.Run", "src\SharpFuzz.Samples\itext7\itext7.Run\itext7.Run.csproj", "{C1149153-4B7D-49EC-88BA-4C2BB186519E}"
EndProject
Project("{FAE04EC0-301F-11D3-BF4B-00C04F79EFBC}") = "itext7.Fuzz", "src\SharpFuzz.Samples\itext7\itext7.Fuzz\itext7.Fuzz.csproj", "{993ECD7F-3902-4881-BCA3-092B1E1A6713}"
EndProject
Project("{FAE04EC0-301F-11D3-BF4B-00C04F79EFBC}") = "SharpFuzz.Common", "src\SharpFuzz.Common\SharpFuzz.Common.csproj", "{BEAA7DAF-F92A-416F-8B9D-85B1699685D6}"
EndProject
Project("{FAE04EC0-301F-11D3-BF4B-00C04F79EFBC}") = "SharpFuzz", "src\SharpFuzz\SharpFuzz.csproj", "{8A1356A9-3158-44EC-8AE8-B1F1310329AA}"
EndProject
Global
	GlobalSection(SolutionConfigurationPlatforms) = preSolution
		Debug|Any CPU = Debug|Any CPU
		Debug|x64 = Debug|x64
		Debug|x86 = Debug|x86
		Release|Any CPU = Release|Any CPU
		Release|x64 = Release|x64
		Release|x86 = Release|x86
	EndGlobalSection
	GlobalSection(SolutionProperties) = preSolution
		HideSolutionNode = FALSE
	EndGlobalSection
	GlobalSection(ProjectConfigurationPlatforms) = postSolution
		{539B9CA4-BF3E-4987-A77B-BED4728DD0EE}.Debug|Any CPU.ActiveCfg = Debug|Any CPU
		{539B9CA4-BF3E-4987-A77B-BED4728DD0EE}.Debug|Any CPU.Build.0 = Debug|Any CPU
		{539B9CA4-BF3E-4987-A77B-BED4728DD0EE}.Debug|x64.ActiveCfg = Debug|Any CPU
		{539B9CA4-BF3E-4987-A77B-BED4728DD0EE}.Debug|x64.Build.0 = Debug|Any CPU
		{539B9CA4-BF3E-4987-A77B-BED4728DD0EE}.Debug|x86.ActiveCfg = Debug|Any CPU
		{539B9CA4-BF3E-4987-A77B-BED4728DD0EE}.Debug|x86.Build.0 = Debug|Any CPU
		{539B9CA4-BF3E-4987-A77B-BED4728DD0EE}.Release|Any CPU.ActiveCfg = Release|Any CPU
		{539B9CA4-BF3E-4987-A77B-BED4728DD0EE}.Release|Any CPU.Build.0 = Release|Any CPU
		{539B9CA4-BF3E-4987-A77B-BED4728DD0EE}.Release|x64.ActiveCfg = Release|Any CPU
		{539B9CA4-BF3E-4987-A77B-BED4728DD0EE}.Release|x64.Build.0 = Release|Any CPU
		{539B9CA4-BF3E-4987-A77B-BED4728DD0EE}.Release|x86.ActiveCfg = Release|Any CPU
		{539B9CA4-BF3E-4987-A77B-BED4728DD0EE}.Release|x86.Build.0 = Release|Any CPU
		{19B95B13-BAFF-44EF-A8C5-61D8AB757618}.Debug|Any CPU.ActiveCfg = Debug|Any CPU
		{19B95B13-BAFF-44EF-A8C5-61D8AB757618}.Debug|Any CPU.Build.0 = Debug|Any CPU
		{19B95B13-BAFF-44EF-A8C5-61D8AB757618}.Debug|x64.ActiveCfg = Debug|Any CPU
		{19B95B13-BAFF-44EF-A8C5-61D8AB757618}.Debug|x64.Build.0 = Debug|Any CPU
		{19B95B13-BAFF-44EF-A8C5-61D8AB757618}.Debug|x86.ActiveCfg = Debug|Any CPU
		{19B95B13-BAFF-44EF-A8C5-61D8AB757618}.Debug|x86.Build.0 = Debug|Any CPU
		{19B95B13-BAFF-44EF-A8C5-61D8AB757618}.Release|Any CPU.ActiveCfg = Release|Any CPU
		{19B95B13-BAFF-44EF-A8C5-61D8AB757618}.Release|Any CPU.Build.0 = Release|Any CPU
		{19B95B13-BAFF-44EF-A8C5-61D8AB757618}.Release|x64.ActiveCfg = Release|Any CPU
		{19B95B13-BAFF-44EF-A8C5-61D8AB757618}.Release|x64.Build.0 = Release|Any CPU
		{19B95B13-BAFF-44EF-A8C5-61D8AB757618}.Release|x86.ActiveCfg = Release|Any CPU
		{19B95B13-BAFF-44EF-A8C5-61D8AB757618}.Release|x86.Build.0 = Release|Any CPU
		{C21CBADB-0AFC-4DCC-A267-5963D8B621F5}.Debug|Any CPU.ActiveCfg = Debug|Any CPU
		{C21CBADB-0AFC-4DCC-A267-5963D8B621F5}.Debug|Any CPU.Build.0 = Debug|Any CPU
		{C21CBADB-0AFC-4DCC-A267-5963D8B621F5}.Debug|x64.ActiveCfg = Debug|Any CPU
		{C21CBADB-0AFC-4DCC-A267-5963D8B621F5}.Debug|x64.Build.0 = Debug|Any CPU
		{C21CBADB-0AFC-4DCC-A267-5963D8B621F5}.Debug|x86.ActiveCfg = Debug|Any CPU
		{C21CBADB-0AFC-4DCC-A267-5963D8B621F5}.Debug|x86.Build.0 = Debug|Any CPU
		{C21CBADB-0AFC-4DCC-A267-5963D8B621F5}.Release|Any CPU.ActiveCfg = Release|Any CPU
		{C21CBADB-0AFC-4DCC-A267-5963D8B621F5}.Release|Any CPU.Build.0 = Release|Any CPU
		{C21CBADB-0AFC-4DCC-A267-5963D8B621F5}.Release|x64.ActiveCfg = Release|Any CPU
		{C21CBADB-0AFC-4DCC-A267-5963D8B621F5}.Release|x64.Build.0 = Release|Any CPU
		{C21CBADB-0AFC-4DCC-A267-5963D8B621F5}.Release|x86.ActiveCfg = Release|Any CPU
		{C21CBADB-0AFC-4DCC-A267-5963D8B621F5}.Release|x86.Build.0 = Release|Any CPU
		{86814DF7-C335-4D11-B81C-465EF1ACA815}.Debug|Any CPU.ActiveCfg = Debug|Any CPU
		{86814DF7-C335-4D11-B81C-465EF1ACA815}.Debug|Any CPU.Build.0 = Debug|Any CPU
		{86814DF7-C335-4D11-B81C-465EF1ACA815}.Debug|x64.ActiveCfg = Debug|Any CPU
		{86814DF7-C335-4D11-B81C-465EF1ACA815}.Debug|x64.Build.0 = Debug|Any CPU
		{86814DF7-C335-4D11-B81C-465EF1ACA815}.Debug|x86.ActiveCfg = Debug|Any CPU
		{86814DF7-C335-4D11-B81C-465EF1ACA815}.Debug|x86.Build.0 = Debug|Any CPU
		{86814DF7-C335-4D11-B81C-465EF1ACA815}.Release|Any CPU.ActiveCfg = Release|Any CPU
		{86814DF7-C335-4D11-B81C-465EF1ACA815}.Release|Any CPU.Build.0 = Release|Any CPU
		{86814DF7-C335-4D11-B81C-465EF1ACA815}.Release|x64.ActiveCfg = Release|Any CPU
		{86814DF7-C335-4D11-B81C-465EF1ACA815}.Release|x64.Build.0 = Release|Any CPU
		{86814DF7-C335-4D11-B81C-465EF1ACA815}.Release|x86.ActiveCfg = Release|Any CPU
		{86814DF7-C335-4D11-B81C-465EF1ACA815}.Release|x86.Build.0 = Release|Any CPU
		{C8A03623-3670-4C94-987D-EC5B25389BD6}.Debug|Any CPU.ActiveCfg = Debug|Any CPU
		{C8A03623-3670-4C94-987D-EC5B25389BD6}.Debug|Any CPU.Build.0 = Debug|Any CPU
		{C8A03623-3670-4C94-987D-EC5B25389BD6}.Debug|x64.ActiveCfg = Debug|Any CPU
		{C8A03623-3670-4C94-987D-EC5B25389BD6}.Debug|x64.Build.0 = Debug|Any CPU
		{C8A03623-3670-4C94-987D-EC5B25389BD6}.Debug|x86.ActiveCfg = Debug|Any CPU
		{C8A03623-3670-4C94-987D-EC5B25389BD6}.Debug|x86.Build.0 = Debug|Any CPU
		{C8A03623-3670-4C94-987D-EC5B25389BD6}.Release|Any CPU.ActiveCfg = Release|Any CPU
		{C8A03623-3670-4C94-987D-EC5B25389BD6}.Release|Any CPU.Build.0 = Release|Any CPU
		{C8A03623-3670-4C94-987D-EC5B25389BD6}.Release|x64.ActiveCfg = Release|Any CPU
		{C8A03623-3670-4C94-987D-EC5B25389BD6}.Release|x64.Build.0 = Release|Any CPU
		{C8A03623-3670-4C94-987D-EC5B25389BD6}.Release|x86.ActiveCfg = Release|Any CPU
		{C8A03623-3670-4C94-987D-EC5B25389BD6}.Release|x86.Build.0 = Release|Any CPU
		{160E5384-5424-40E8-9632-D7F720E9DD48}.Debug|Any CPU.ActiveCfg = Debug|Any CPU
		{160E5384-5424-40E8-9632-D7F720E9DD48}.Debug|Any CPU.Build.0 = Debug|Any CPU
		{160E5384-5424-40E8-9632-D7F720E9DD48}.Debug|x64.ActiveCfg = Debug|Any CPU
		{160E5384-5424-40E8-9632-D7F720E9DD48}.Debug|x64.Build.0 = Debug|Any CPU
		{160E5384-5424-40E8-9632-D7F720E9DD48}.Debug|x86.ActiveCfg = Debug|Any CPU
		{160E5384-5424-40E8-9632-D7F720E9DD48}.Debug|x86.Build.0 = Debug|Any CPU
		{160E5384-5424-40E8-9632-D7F720E9DD48}.Release|Any CPU.ActiveCfg = Release|Any CPU
		{160E5384-5424-40E8-9632-D7F720E9DD48}.Release|Any CPU.Build.0 = Release|Any CPU
		{160E5384-5424-40E8-9632-D7F720E9DD48}.Release|x64.ActiveCfg = Release|Any CPU
		{160E5384-5424-40E8-9632-D7F720E9DD48}.Release|x64.Build.0 = Release|Any CPU
		{160E5384-5424-40E8-9632-D7F720E9DD48}.Release|x86.ActiveCfg = Release|Any CPU
		{160E5384-5424-40E8-9632-D7F720E9DD48}.Release|x86.Build.0 = Release|Any CPU
		{C1F29E7F-D855-43E3-AC86-BF4FBCEC39EB}.Debug|Any CPU.ActiveCfg = Debug|Any CPU
		{C1F29E7F-D855-43E3-AC86-BF4FBCEC39EB}.Debug|Any CPU.Build.0 = Debug|Any CPU
		{C1F29E7F-D855-43E3-AC86-BF4FBCEC39EB}.Debug|x64.ActiveCfg = Debug|Any CPU
		{C1F29E7F-D855-43E3-AC86-BF4FBCEC39EB}.Debug|x64.Build.0 = Debug|Any CPU
		{C1F29E7F-D855-43E3-AC86-BF4FBCEC39EB}.Debug|x86.ActiveCfg = Debug|Any CPU
		{C1F29E7F-D855-43E3-AC86-BF4FBCEC39EB}.Debug|x86.Build.0 = Debug|Any CPU
		{C1F29E7F-D855-43E3-AC86-BF4FBCEC39EB}.Release|Any CPU.ActiveCfg = Release|Any CPU
		{C1F29E7F-D855-43E3-AC86-BF4FBCEC39EB}.Release|Any CPU.Build.0 = Release|Any CPU
		{C1F29E7F-D855-43E3-AC86-BF4FBCEC39EB}.Release|x64.ActiveCfg = Release|Any CPU
		{C1F29E7F-D855-43E3-AC86-BF4FBCEC39EB}.Release|x64.Build.0 = Release|Any CPU
		{C1F29E7F-D855-43E3-AC86-BF4FBCEC39EB}.Release|x86.ActiveCfg = Release|Any CPU
		{C1F29E7F-D855-43E3-AC86-BF4FBCEC39EB}.Release|x86.Build.0 = Release|Any CPU
		{50446CB2-818A-4A30-99F4-DA8C1BE73837}.Debug|Any CPU.ActiveCfg = Debug|Any CPU
		{50446CB2-818A-4A30-99F4-DA8C1BE73837}.Debug|Any CPU.Build.0 = Debug|Any CPU
		{50446CB2-818A-4A30-99F4-DA8C1BE73837}.Debug|x64.ActiveCfg = Debug|Any CPU
		{50446CB2-818A-4A30-99F4-DA8C1BE73837}.Debug|x64.Build.0 = Debug|Any CPU
		{50446CB2-818A-4A30-99F4-DA8C1BE73837}.Debug|x86.ActiveCfg = Debug|Any CPU
		{50446CB2-818A-4A30-99F4-DA8C1BE73837}.Debug|x86.Build.0 = Debug|Any CPU
		{50446CB2-818A-4A30-99F4-DA8C1BE73837}.Release|Any CPU.ActiveCfg = Release|Any CPU
		{50446CB2-818A-4A30-99F4-DA8C1BE73837}.Release|Any CPU.Build.0 = Release|Any CPU
		{50446CB2-818A-4A30-99F4-DA8C1BE73837}.Release|x64.ActiveCfg = Release|Any CPU
		{50446CB2-818A-4A30-99F4-DA8C1BE73837}.Release|x64.Build.0 = Release|Any CPU
		{50446CB2-818A-4A30-99F4-DA8C1BE73837}.Release|x86.ActiveCfg = Release|Any CPU
		{50446CB2-818A-4A30-99F4-DA8C1BE73837}.Release|x86.Build.0 = Release|Any CPU
		{EF63374D-B133-4395-875E-0C35CF353D04}.Debug|Any CPU.ActiveCfg = Debug|Any CPU
		{EF63374D-B133-4395-875E-0C35CF353D04}.Debug|Any CPU.Build.0 = Debug|Any CPU
		{EF63374D-B133-4395-875E-0C35CF353D04}.Debug|x64.ActiveCfg = Debug|Any CPU
		{EF63374D-B133-4395-875E-0C35CF353D04}.Debug|x64.Build.0 = Debug|Any CPU
		{EF63374D-B133-4395-875E-0C35CF353D04}.Debug|x86.ActiveCfg = Debug|Any CPU
		{EF63374D-B133-4395-875E-0C35CF353D04}.Debug|x86.Build.0 = Debug|Any CPU
		{EF63374D-B133-4395-875E-0C35CF353D04}.Release|Any CPU.ActiveCfg = Release|Any CPU
		{EF63374D-B133-4395-875E-0C35CF353D04}.Release|Any CPU.Build.0 = Release|Any CPU
		{EF63374D-B133-4395-875E-0C35CF353D04}.Release|x64.ActiveCfg = Release|Any CPU
		{EF63374D-B133-4395-875E-0C35CF353D04}.Release|x64.Build.0 = Release|Any CPU
		{EF63374D-B133-4395-875E-0C35CF353D04}.Release|x86.ActiveCfg = Release|Any CPU
		{EF63374D-B133-4395-875E-0C35CF353D04}.Release|x86.Build.0 = Release|Any CPU
		{92860397-B228-4EC2-8F3C-AFAB95122FB4}.Debug|Any CPU.ActiveCfg = Debug|Any CPU
		{92860397-B228-4EC2-8F3C-AFAB95122FB4}.Debug|Any CPU.Build.0 = Debug|Any CPU
		{92860397-B228-4EC2-8F3C-AFAB95122FB4}.Debug|x64.ActiveCfg = Debug|Any CPU
		{92860397-B228-4EC2-8F3C-AFAB95122FB4}.Debug|x64.Build.0 = Debug|Any CPU
		{92860397-B228-4EC2-8F3C-AFAB95122FB4}.Debug|x86.ActiveCfg = Debug|Any CPU
		{92860397-B228-4EC2-8F3C-AFAB95122FB4}.Debug|x86.Build.0 = Debug|Any CPU
		{92860397-B228-4EC2-8F3C-AFAB95122FB4}.Release|Any CPU.ActiveCfg = Release|Any CPU
		{92860397-B228-4EC2-8F3C-AFAB95122FB4}.Release|Any CPU.Build.0 = Release|Any CPU
		{92860397-B228-4EC2-8F3C-AFAB95122FB4}.Release|x64.ActiveCfg = Release|Any CPU
		{92860397-B228-4EC2-8F3C-AFAB95122FB4}.Release|x64.Build.0 = Release|Any CPU
		{92860397-B228-4EC2-8F3C-AFAB95122FB4}.Release|x86.ActiveCfg = Release|Any CPU
		{92860397-B228-4EC2-8F3C-AFAB95122FB4}.Release|x86.Build.0 = Release|Any CPU
		{AD18EA2D-72FF-4D2F-95C5-357C92C0A9AF}.Debug|Any CPU.ActiveCfg = Debug|Any CPU
		{AD18EA2D-72FF-4D2F-95C5-357C92C0A9AF}.Debug|Any CPU.Build.0 = Debug|Any CPU
		{AD18EA2D-72FF-4D2F-95C5-357C92C0A9AF}.Debug|x64.ActiveCfg = Debug|Any CPU
		{AD18EA2D-72FF-4D2F-95C5-357C92C0A9AF}.Debug|x64.Build.0 = Debug|Any CPU
		{AD18EA2D-72FF-4D2F-95C5-357C92C0A9AF}.Debug|x86.ActiveCfg = Debug|Any CPU
		{AD18EA2D-72FF-4D2F-95C5-357C92C0A9AF}.Debug|x86.Build.0 = Debug|Any CPU
		{AD18EA2D-72FF-4D2F-95C5-357C92C0A9AF}.Release|Any CPU.ActiveCfg = Release|Any CPU
		{AD18EA2D-72FF-4D2F-95C5-357C92C0A9AF}.Release|Any CPU.Build.0 = Release|Any CPU
		{AD18EA2D-72FF-4D2F-95C5-357C92C0A9AF}.Release|x64.ActiveCfg = Release|Any CPU
		{AD18EA2D-72FF-4D2F-95C5-357C92C0A9AF}.Release|x64.Build.0 = Release|Any CPU
		{AD18EA2D-72FF-4D2F-95C5-357C92C0A9AF}.Release|x86.ActiveCfg = Release|Any CPU
		{AD18EA2D-72FF-4D2F-95C5-357C92C0A9AF}.Release|x86.Build.0 = Release|Any CPU
		{46AB4B03-CAD3-4AFD-BBF3-217CF7A3FE55}.Debug|Any CPU.ActiveCfg = Debug|Any CPU
		{46AB4B03-CAD3-4AFD-BBF3-217CF7A3FE55}.Debug|Any CPU.Build.0 = Debug|Any CPU
		{46AB4B03-CAD3-4AFD-BBF3-217CF7A3FE55}.Debug|x64.ActiveCfg = Debug|Any CPU
		{46AB4B03-CAD3-4AFD-BBF3-217CF7A3FE55}.Debug|x64.Build.0 = Debug|Any CPU
		{46AB4B03-CAD3-4AFD-BBF3-217CF7A3FE55}.Debug|x86.ActiveCfg = Debug|Any CPU
		{46AB4B03-CAD3-4AFD-BBF3-217CF7A3FE55}.Debug|x86.Build.0 = Debug|Any CPU
		{46AB4B03-CAD3-4AFD-BBF3-217CF7A3FE55}.Release|Any CPU.ActiveCfg = Release|Any CPU
		{46AB4B03-CAD3-4AFD-BBF3-217CF7A3FE55}.Release|Any CPU.Build.0 = Release|Any CPU
		{46AB4B03-CAD3-4AFD-BBF3-217CF7A3FE55}.Release|x64.ActiveCfg = Release|Any CPU
		{46AB4B03-CAD3-4AFD-BBF3-217CF7A3FE55}.Release|x64.Build.0 = Release|Any CPU
		{46AB4B03-CAD3-4AFD-BBF3-217CF7A3FE55}.Release|x86.ActiveCfg = Release|Any CPU
		{46AB4B03-CAD3-4AFD-BBF3-217CF7A3FE55}.Release|x86.Build.0 = Release|Any CPU
		{FEE57416-5E1F-4F62-B9FF-41F7492660C6}.Debug|Any CPU.ActiveCfg = Debug|Any CPU
		{FEE57416-5E1F-4F62-B9FF-41F7492660C6}.Debug|Any CPU.Build.0 = Debug|Any CPU
		{FEE57416-5E1F-4F62-B9FF-41F7492660C6}.Debug|x64.ActiveCfg = Debug|Any CPU
		{FEE57416-5E1F-4F62-B9FF-41F7492660C6}.Debug|x64.Build.0 = Debug|Any CPU
		{FEE57416-5E1F-4F62-B9FF-41F7492660C6}.Debug|x86.ActiveCfg = Debug|Any CPU
		{FEE57416-5E1F-4F62-B9FF-41F7492660C6}.Debug|x86.Build.0 = Debug|Any CPU
		{FEE57416-5E1F-4F62-B9FF-41F7492660C6}.Release|Any CPU.ActiveCfg = Release|Any CPU
		{FEE57416-5E1F-4F62-B9FF-41F7492660C6}.Release|Any CPU.Build.0 = Release|Any CPU
		{FEE57416-5E1F-4F62-B9FF-41F7492660C6}.Release|x64.ActiveCfg = Release|Any CPU
		{FEE57416-5E1F-4F62-B9FF-41F7492660C6}.Release|x64.Build.0 = Release|Any CPU
		{FEE57416-5E1F-4F62-B9FF-41F7492660C6}.Release|x86.ActiveCfg = Release|Any CPU
		{FEE57416-5E1F-4F62-B9FF-41F7492660C6}.Release|x86.Build.0 = Release|Any CPU
		{009237A9-C8AF-4A9C-885A-FC0F3C55C165}.Debug|Any CPU.ActiveCfg = Debug|Any CPU
		{009237A9-C8AF-4A9C-885A-FC0F3C55C165}.Debug|Any CPU.Build.0 = Debug|Any CPU
		{009237A9-C8AF-4A9C-885A-FC0F3C55C165}.Debug|x64.ActiveCfg = Debug|Any CPU
		{009237A9-C8AF-4A9C-885A-FC0F3C55C165}.Debug|x64.Build.0 = Debug|Any CPU
		{009237A9-C8AF-4A9C-885A-FC0F3C55C165}.Debug|x86.ActiveCfg = Debug|Any CPU
		{009237A9-C8AF-4A9C-885A-FC0F3C55C165}.Debug|x86.Build.0 = Debug|Any CPU
		{009237A9-C8AF-4A9C-885A-FC0F3C55C165}.Release|Any CPU.ActiveCfg = Release|Any CPU
		{009237A9-C8AF-4A9C-885A-FC0F3C55C165}.Release|Any CPU.Build.0 = Release|Any CPU
		{009237A9-C8AF-4A9C-885A-FC0F3C55C165}.Release|x64.ActiveCfg = Release|Any CPU
		{009237A9-C8AF-4A9C-885A-FC0F3C55C165}.Release|x64.Build.0 = Release|Any CPU
		{009237A9-C8AF-4A9C-885A-FC0F3C55C165}.Release|x86.ActiveCfg = Release|Any CPU
		{009237A9-C8AF-4A9C-885A-FC0F3C55C165}.Release|x86.Build.0 = Release|Any CPU
		{78D4498B-15DF-4E25-8F17-3238264FEDF9}.Debug|Any CPU.ActiveCfg = Debug|Any CPU
		{78D4498B-15DF-4E25-8F17-3238264FEDF9}.Debug|Any CPU.Build.0 = Debug|Any CPU
		{78D4498B-15DF-4E25-8F17-3238264FEDF9}.Debug|x64.ActiveCfg = Debug|Any CPU
		{78D4498B-15DF-4E25-8F17-3238264FEDF9}.Debug|x64.Build.0 = Debug|Any CPU
		{78D4498B-15DF-4E25-8F17-3238264FEDF9}.Debug|x86.ActiveCfg = Debug|Any CPU
		{78D4498B-15DF-4E25-8F17-3238264FEDF9}.Debug|x86.Build.0 = Debug|Any CPU
		{78D4498B-15DF-4E25-8F17-3238264FEDF9}.Release|Any CPU.ActiveCfg = Release|Any CPU
		{78D4498B-15DF-4E25-8F17-3238264FEDF9}.Release|Any CPU.Build.0 = Release|Any CPU
		{78D4498B-15DF-4E25-8F17-3238264FEDF9}.Release|x64.ActiveCfg = Release|Any CPU
		{78D4498B-15DF-4E25-8F17-3238264FEDF9}.Release|x64.Build.0 = Release|Any CPU
		{78D4498B-15DF-4E25-8F17-3238264FEDF9}.Release|x86.ActiveCfg = Release|Any CPU
		{78D4498B-15DF-4E25-8F17-3238264FEDF9}.Release|x86.Build.0 = Release|Any CPU
		{DA33B58A-BEE4-45FC-8A03-6E71E57CD719}.Debug|Any CPU.ActiveCfg = Debug|Any CPU
		{DA33B58A-BEE4-45FC-8A03-6E71E57CD719}.Debug|Any CPU.Build.0 = Debug|Any CPU
		{DA33B58A-BEE4-45FC-8A03-6E71E57CD719}.Debug|x64.ActiveCfg = Debug|Any CPU
		{DA33B58A-BEE4-45FC-8A03-6E71E57CD719}.Debug|x64.Build.0 = Debug|Any CPU
		{DA33B58A-BEE4-45FC-8A03-6E71E57CD719}.Debug|x86.ActiveCfg = Debug|Any CPU
		{DA33B58A-BEE4-45FC-8A03-6E71E57CD719}.Debug|x86.Build.0 = Debug|Any CPU
		{DA33B58A-BEE4-45FC-8A03-6E71E57CD719}.Release|Any CPU.ActiveCfg = Release|Any CPU
		{DA33B58A-BEE4-45FC-8A03-6E71E57CD719}.Release|Any CPU.Build.0 = Release|Any CPU
		{DA33B58A-BEE4-45FC-8A03-6E71E57CD719}.Release|x64.ActiveCfg = Release|Any CPU
		{DA33B58A-BEE4-45FC-8A03-6E71E57CD719}.Release|x64.Build.0 = Release|Any CPU
		{DA33B58A-BEE4-45FC-8A03-6E71E57CD719}.Release|x86.ActiveCfg = Release|Any CPU
		{DA33B58A-BEE4-45FC-8A03-6E71E57CD719}.Release|x86.Build.0 = Release|Any CPU
		{11DCFDAA-C678-4C15-A7F2-B1D983F89771}.Debug|Any CPU.ActiveCfg = Debug|Any CPU
		{11DCFDAA-C678-4C15-A7F2-B1D983F89771}.Debug|Any CPU.Build.0 = Debug|Any CPU
		{11DCFDAA-C678-4C15-A7F2-B1D983F89771}.Debug|x64.ActiveCfg = Debug|Any CPU
		{11DCFDAA-C678-4C15-A7F2-B1D983F89771}.Debug|x64.Build.0 = Debug|Any CPU
		{11DCFDAA-C678-4C15-A7F2-B1D983F89771}.Debug|x86.ActiveCfg = Debug|Any CPU
		{11DCFDAA-C678-4C15-A7F2-B1D983F89771}.Debug|x86.Build.0 = Debug|Any CPU
		{11DCFDAA-C678-4C15-A7F2-B1D983F89771}.Release|Any CPU.ActiveCfg = Release|Any CPU
		{11DCFDAA-C678-4C15-A7F2-B1D983F89771}.Release|Any CPU.Build.0 = Release|Any CPU
		{11DCFDAA-C678-4C15-A7F2-B1D983F89771}.Release|x64.ActiveCfg = Release|Any CPU
		{11DCFDAA-C678-4C15-A7F2-B1D983F89771}.Release|x64.Build.0 = Release|Any CPU
		{11DCFDAA-C678-4C15-A7F2-B1D983F89771}.Release|x86.ActiveCfg = Release|Any CPU
		{11DCFDAA-C678-4C15-A7F2-B1D983F89771}.Release|x86.Build.0 = Release|Any CPU
		{6411D397-FE83-45D9-90C3-0DCAC361464B}.Debug|Any CPU.ActiveCfg = Debug|Any CPU
		{6411D397-FE83-45D9-90C3-0DCAC361464B}.Debug|Any CPU.Build.0 = Debug|Any CPU
		{6411D397-FE83-45D9-90C3-0DCAC361464B}.Debug|x64.ActiveCfg = Debug|Any CPU
		{6411D397-FE83-45D9-90C3-0DCAC361464B}.Debug|x64.Build.0 = Debug|Any CPU
		{6411D397-FE83-45D9-90C3-0DCAC361464B}.Debug|x86.ActiveCfg = Debug|Any CPU
		{6411D397-FE83-45D9-90C3-0DCAC361464B}.Debug|x86.Build.0 = Debug|Any CPU
		{6411D397-FE83-45D9-90C3-0DCAC361464B}.Release|Any CPU.ActiveCfg = Release|Any CPU
		{6411D397-FE83-45D9-90C3-0DCAC361464B}.Release|Any CPU.Build.0 = Release|Any CPU
		{6411D397-FE83-45D9-90C3-0DCAC361464B}.Release|x64.ActiveCfg = Release|Any CPU
		{6411D397-FE83-45D9-90C3-0DCAC361464B}.Release|x64.Build.0 = Release|Any CPU
		{6411D397-FE83-45D9-90C3-0DCAC361464B}.Release|x86.ActiveCfg = Release|Any CPU
		{6411D397-FE83-45D9-90C3-0DCAC361464B}.Release|x86.Build.0 = Release|Any CPU
		{0193DC83-7111-4264-A079-858F0401DB86}.Debug|Any CPU.ActiveCfg = Debug|Any CPU
		{0193DC83-7111-4264-A079-858F0401DB86}.Debug|Any CPU.Build.0 = Debug|Any CPU
		{0193DC83-7111-4264-A079-858F0401DB86}.Debug|x64.ActiveCfg = Debug|Any CPU
		{0193DC83-7111-4264-A079-858F0401DB86}.Debug|x64.Build.0 = Debug|Any CPU
		{0193DC83-7111-4264-A079-858F0401DB86}.Debug|x86.ActiveCfg = Debug|Any CPU
		{0193DC83-7111-4264-A079-858F0401DB86}.Debug|x86.Build.0 = Debug|Any CPU
		{0193DC83-7111-4264-A079-858F0401DB86}.Release|Any CPU.ActiveCfg = Release|Any CPU
		{0193DC83-7111-4264-A079-858F0401DB86}.Release|Any CPU.Build.0 = Release|Any CPU
		{0193DC83-7111-4264-A079-858F0401DB86}.Release|x64.ActiveCfg = Release|Any CPU
		{0193DC83-7111-4264-A079-858F0401DB86}.Release|x64.Build.0 = Release|Any CPU
		{0193DC83-7111-4264-A079-858F0401DB86}.Release|x86.ActiveCfg = Release|Any CPU
		{0193DC83-7111-4264-A079-858F0401DB86}.Release|x86.Build.0 = Release|Any CPU
		{B24C90B5-1440-4DBB-B972-B7F4E1BF6125}.Debug|Any CPU.ActiveCfg = Debug|Any CPU
		{B24C90B5-1440-4DBB-B972-B7F4E1BF6125}.Debug|Any CPU.Build.0 = Debug|Any CPU
		{B24C90B5-1440-4DBB-B972-B7F4E1BF6125}.Debug|x64.ActiveCfg = Debug|Any CPU
		{B24C90B5-1440-4DBB-B972-B7F4E1BF6125}.Debug|x64.Build.0 = Debug|Any CPU
		{B24C90B5-1440-4DBB-B972-B7F4E1BF6125}.Debug|x86.ActiveCfg = Debug|Any CPU
		{B24C90B5-1440-4DBB-B972-B7F4E1BF6125}.Debug|x86.Build.0 = Debug|Any CPU
		{B24C90B5-1440-4DBB-B972-B7F4E1BF6125}.Release|Any CPU.ActiveCfg = Release|Any CPU
		{B24C90B5-1440-4DBB-B972-B7F4E1BF6125}.Release|Any CPU.Build.0 = Release|Any CPU
		{B24C90B5-1440-4DBB-B972-B7F4E1BF6125}.Release|x64.ActiveCfg = Release|Any CPU
		{B24C90B5-1440-4DBB-B972-B7F4E1BF6125}.Release|x64.Build.0 = Release|Any CPU
		{B24C90B5-1440-4DBB-B972-B7F4E1BF6125}.Release|x86.ActiveCfg = Release|Any CPU
		{B24C90B5-1440-4DBB-B972-B7F4E1BF6125}.Release|x86.Build.0 = Release|Any CPU
		{3D33C086-7CDF-4814-9350-DCD7BC042E10}.Debug|Any CPU.ActiveCfg = Debug|Any CPU
		{3D33C086-7CDF-4814-9350-DCD7BC042E10}.Debug|Any CPU.Build.0 = Debug|Any CPU
		{3D33C086-7CDF-4814-9350-DCD7BC042E10}.Debug|x64.ActiveCfg = Debug|Any CPU
		{3D33C086-7CDF-4814-9350-DCD7BC042E10}.Debug|x64.Build.0 = Debug|Any CPU
		{3D33C086-7CDF-4814-9350-DCD7BC042E10}.Debug|x86.ActiveCfg = Debug|Any CPU
		{3D33C086-7CDF-4814-9350-DCD7BC042E10}.Debug|x86.Build.0 = Debug|Any CPU
		{3D33C086-7CDF-4814-9350-DCD7BC042E10}.Release|Any CPU.ActiveCfg = Release|Any CPU
		{3D33C086-7CDF-4814-9350-DCD7BC042E10}.Release|Any CPU.Build.0 = Release|Any CPU
		{3D33C086-7CDF-4814-9350-DCD7BC042E10}.Release|x64.ActiveCfg = Release|Any CPU
		{3D33C086-7CDF-4814-9350-DCD7BC042E10}.Release|x64.Build.0 = Release|Any CPU
		{3D33C086-7CDF-4814-9350-DCD7BC042E10}.Release|x86.ActiveCfg = Release|Any CPU
		{3D33C086-7CDF-4814-9350-DCD7BC042E10}.Release|x86.Build.0 = Release|Any CPU
		{33897855-C1EE-46D0-8A46-6F50660427ED}.Debug|Any CPU.ActiveCfg = Debug|Any CPU
		{33897855-C1EE-46D0-8A46-6F50660427ED}.Debug|Any CPU.Build.0 = Debug|Any CPU
		{33897855-C1EE-46D0-8A46-6F50660427ED}.Debug|x64.ActiveCfg = Debug|Any CPU
		{33897855-C1EE-46D0-8A46-6F50660427ED}.Debug|x64.Build.0 = Debug|Any CPU
		{33897855-C1EE-46D0-8A46-6F50660427ED}.Debug|x86.ActiveCfg = Debug|Any CPU
		{33897855-C1EE-46D0-8A46-6F50660427ED}.Debug|x86.Build.0 = Debug|Any CPU
		{33897855-C1EE-46D0-8A46-6F50660427ED}.Release|Any CPU.ActiveCfg = Release|Any CPU
		{33897855-C1EE-46D0-8A46-6F50660427ED}.Release|Any CPU.Build.0 = Release|Any CPU
		{33897855-C1EE-46D0-8A46-6F50660427ED}.Release|x64.ActiveCfg = Release|Any CPU
		{33897855-C1EE-46D0-8A46-6F50660427ED}.Release|x64.Build.0 = Release|Any CPU
		{33897855-C1EE-46D0-8A46-6F50660427ED}.Release|x86.ActiveCfg = Release|Any CPU
		{33897855-C1EE-46D0-8A46-6F50660427ED}.Release|x86.Build.0 = Release|Any CPU
		{D67045C4-6C3A-4EFE-906B-9090BA5D4786}.Debug|Any CPU.ActiveCfg = Debug|Any CPU
		{D67045C4-6C3A-4EFE-906B-9090BA5D4786}.Debug|Any CPU.Build.0 = Debug|Any CPU
		{D67045C4-6C3A-4EFE-906B-9090BA5D4786}.Debug|x64.ActiveCfg = Debug|Any CPU
		{D67045C4-6C3A-4EFE-906B-9090BA5D4786}.Debug|x64.Build.0 = Debug|Any CPU
		{D67045C4-6C3A-4EFE-906B-9090BA5D4786}.Debug|x86.ActiveCfg = Debug|Any CPU
		{D67045C4-6C3A-4EFE-906B-9090BA5D4786}.Debug|x86.Build.0 = Debug|Any CPU
		{D67045C4-6C3A-4EFE-906B-9090BA5D4786}.Release|Any CPU.ActiveCfg = Release|Any CPU
		{D67045C4-6C3A-4EFE-906B-9090BA5D4786}.Release|Any CPU.Build.0 = Release|Any CPU
		{D67045C4-6C3A-4EFE-906B-9090BA5D4786}.Release|x64.ActiveCfg = Release|Any CPU
		{D67045C4-6C3A-4EFE-906B-9090BA5D4786}.Release|x64.Build.0 = Release|Any CPU
		{D67045C4-6C3A-4EFE-906B-9090BA5D4786}.Release|x86.ActiveCfg = Release|Any CPU
		{D67045C4-6C3A-4EFE-906B-9090BA5D4786}.Release|x86.Build.0 = Release|Any CPU
		{8A8A62AD-3918-45FA-8837-771F5819A49D}.Debug|Any CPU.ActiveCfg = Debug|Any CPU
		{8A8A62AD-3918-45FA-8837-771F5819A49D}.Debug|Any CPU.Build.0 = Debug|Any CPU
		{8A8A62AD-3918-45FA-8837-771F5819A49D}.Debug|x64.ActiveCfg = Debug|Any CPU
		{8A8A62AD-3918-45FA-8837-771F5819A49D}.Debug|x64.Build.0 = Debug|Any CPU
		{8A8A62AD-3918-45FA-8837-771F5819A49D}.Debug|x86.ActiveCfg = Debug|Any CPU
		{8A8A62AD-3918-45FA-8837-771F5819A49D}.Debug|x86.Build.0 = Debug|Any CPU
		{8A8A62AD-3918-45FA-8837-771F5819A49D}.Release|Any CPU.ActiveCfg = Release|Any CPU
		{8A8A62AD-3918-45FA-8837-771F5819A49D}.Release|Any CPU.Build.0 = Release|Any CPU
		{8A8A62AD-3918-45FA-8837-771F5819A49D}.Release|x64.ActiveCfg = Release|Any CPU
		{8A8A62AD-3918-45FA-8837-771F5819A49D}.Release|x64.Build.0 = Release|Any CPU
		{8A8A62AD-3918-45FA-8837-771F5819A49D}.Release|x86.ActiveCfg = Release|Any CPU
		{8A8A62AD-3918-45FA-8837-771F5819A49D}.Release|x86.Build.0 = Release|Any CPU
		{2B5BBCBB-D75B-46D2-9FB3-7A33FDD4C5B0}.Debug|Any CPU.ActiveCfg = Debug|Any CPU
		{2B5BBCBB-D75B-46D2-9FB3-7A33FDD4C5B0}.Debug|Any CPU.Build.0 = Debug|Any CPU
		{2B5BBCBB-D75B-46D2-9FB3-7A33FDD4C5B0}.Debug|x64.ActiveCfg = Debug|Any CPU
		{2B5BBCBB-D75B-46D2-9FB3-7A33FDD4C5B0}.Debug|x64.Build.0 = Debug|Any CPU
		{2B5BBCBB-D75B-46D2-9FB3-7A33FDD4C5B0}.Debug|x86.ActiveCfg = Debug|Any CPU
		{2B5BBCBB-D75B-46D2-9FB3-7A33FDD4C5B0}.Debug|x86.Build.0 = Debug|Any CPU
		{2B5BBCBB-D75B-46D2-9FB3-7A33FDD4C5B0}.Release|Any CPU.ActiveCfg = Release|Any CPU
		{2B5BBCBB-D75B-46D2-9FB3-7A33FDD4C5B0}.Release|Any CPU.Build.0 = Release|Any CPU
		{2B5BBCBB-D75B-46D2-9FB3-7A33FDD4C5B0}.Release|x64.ActiveCfg = Release|Any CPU
		{2B5BBCBB-D75B-46D2-9FB3-7A33FDD4C5B0}.Release|x64.Build.0 = Release|Any CPU
		{2B5BBCBB-D75B-46D2-9FB3-7A33FDD4C5B0}.Release|x86.ActiveCfg = Release|Any CPU
		{2B5BBCBB-D75B-46D2-9FB3-7A33FDD4C5B0}.Release|x86.Build.0 = Release|Any CPU
		{22FA339A-CF19-42CB-B266-4FD452F21965}.Debug|Any CPU.ActiveCfg = Debug|Any CPU
		{22FA339A-CF19-42CB-B266-4FD452F21965}.Debug|Any CPU.Build.0 = Debug|Any CPU
		{22FA339A-CF19-42CB-B266-4FD452F21965}.Debug|x64.ActiveCfg = Debug|Any CPU
		{22FA339A-CF19-42CB-B266-4FD452F21965}.Debug|x64.Build.0 = Debug|Any CPU
		{22FA339A-CF19-42CB-B266-4FD452F21965}.Debug|x86.ActiveCfg = Debug|Any CPU
		{22FA339A-CF19-42CB-B266-4FD452F21965}.Debug|x86.Build.0 = Debug|Any CPU
		{22FA339A-CF19-42CB-B266-4FD452F21965}.Release|Any CPU.ActiveCfg = Release|Any CPU
		{22FA339A-CF19-42CB-B266-4FD452F21965}.Release|Any CPU.Build.0 = Release|Any CPU
		{22FA339A-CF19-42CB-B266-4FD452F21965}.Release|x64.ActiveCfg = Release|Any CPU
		{22FA339A-CF19-42CB-B266-4FD452F21965}.Release|x64.Build.0 = Release|Any CPU
		{22FA339A-CF19-42CB-B266-4FD452F21965}.Release|x86.ActiveCfg = Release|Any CPU
		{22FA339A-CF19-42CB-B266-4FD452F21965}.Release|x86.Build.0 = Release|Any CPU
		{1B381107-B4EE-482D-9BC6-6C9A39B2DAF7}.Debug|Any CPU.ActiveCfg = Debug|Any CPU
		{1B381107-B4EE-482D-9BC6-6C9A39B2DAF7}.Debug|Any CPU.Build.0 = Debug|Any CPU
		{1B381107-B4EE-482D-9BC6-6C9A39B2DAF7}.Debug|x64.ActiveCfg = Debug|Any CPU
		{1B381107-B4EE-482D-9BC6-6C9A39B2DAF7}.Debug|x64.Build.0 = Debug|Any CPU
		{1B381107-B4EE-482D-9BC6-6C9A39B2DAF7}.Debug|x86.ActiveCfg = Debug|Any CPU
		{1B381107-B4EE-482D-9BC6-6C9A39B2DAF7}.Debug|x86.Build.0 = Debug|Any CPU
		{1B381107-B4EE-482D-9BC6-6C9A39B2DAF7}.Release|Any CPU.ActiveCfg = Release|Any CPU
		{1B381107-B4EE-482D-9BC6-6C9A39B2DAF7}.Release|Any CPU.Build.0 = Release|Any CPU
		{1B381107-B4EE-482D-9BC6-6C9A39B2DAF7}.Release|x64.ActiveCfg = Release|Any CPU
		{1B381107-B4EE-482D-9BC6-6C9A39B2DAF7}.Release|x64.Build.0 = Release|Any CPU
		{1B381107-B4EE-482D-9BC6-6C9A39B2DAF7}.Release|x86.ActiveCfg = Release|Any CPU
		{1B381107-B4EE-482D-9BC6-6C9A39B2DAF7}.Release|x86.Build.0 = Release|Any CPU
		{28F03355-B870-4D66-8F11-FA4D57DA0982}.Debug|Any CPU.ActiveCfg = Debug|Any CPU
		{28F03355-B870-4D66-8F11-FA4D57DA0982}.Debug|Any CPU.Build.0 = Debug|Any CPU
		{28F03355-B870-4D66-8F11-FA4D57DA0982}.Debug|x64.ActiveCfg = Debug|Any CPU
		{28F03355-B870-4D66-8F11-FA4D57DA0982}.Debug|x64.Build.0 = Debug|Any CPU
		{28F03355-B870-4D66-8F11-FA4D57DA0982}.Debug|x86.ActiveCfg = Debug|Any CPU
		{28F03355-B870-4D66-8F11-FA4D57DA0982}.Debug|x86.Build.0 = Debug|Any CPU
		{28F03355-B870-4D66-8F11-FA4D57DA0982}.Release|Any CPU.ActiveCfg = Release|Any CPU
		{28F03355-B870-4D66-8F11-FA4D57DA0982}.Release|Any CPU.Build.0 = Release|Any CPU
		{28F03355-B870-4D66-8F11-FA4D57DA0982}.Release|x64.ActiveCfg = Release|Any CPU
		{28F03355-B870-4D66-8F11-FA4D57DA0982}.Release|x64.Build.0 = Release|Any CPU
		{28F03355-B870-4D66-8F11-FA4D57DA0982}.Release|x86.ActiveCfg = Release|Any CPU
		{28F03355-B870-4D66-8F11-FA4D57DA0982}.Release|x86.Build.0 = Release|Any CPU
		{E057B75A-786E-408F-A621-57B3DEC30B39}.Debug|Any CPU.ActiveCfg = Debug|Any CPU
		{E057B75A-786E-408F-A621-57B3DEC30B39}.Debug|Any CPU.Build.0 = Debug|Any CPU
		{E057B75A-786E-408F-A621-57B3DEC30B39}.Debug|x64.ActiveCfg = Debug|Any CPU
		{E057B75A-786E-408F-A621-57B3DEC30B39}.Debug|x64.Build.0 = Debug|Any CPU
		{E057B75A-786E-408F-A621-57B3DEC30B39}.Debug|x86.ActiveCfg = Debug|Any CPU
		{E057B75A-786E-408F-A621-57B3DEC30B39}.Debug|x86.Build.0 = Debug|Any CPU
		{E057B75A-786E-408F-A621-57B3DEC30B39}.Release|Any CPU.ActiveCfg = Release|Any CPU
		{E057B75A-786E-408F-A621-57B3DEC30B39}.Release|Any CPU.Build.0 = Release|Any CPU
		{E057B75A-786E-408F-A621-57B3DEC30B39}.Release|x64.ActiveCfg = Release|Any CPU
		{E057B75A-786E-408F-A621-57B3DEC30B39}.Release|x64.Build.0 = Release|Any CPU
		{E057B75A-786E-408F-A621-57B3DEC30B39}.Release|x86.ActiveCfg = Release|Any CPU
		{E057B75A-786E-408F-A621-57B3DEC30B39}.Release|x86.Build.0 = Release|Any CPU
		{0EC92BCE-BC22-436C-82D1-26AAE24B44C3}.Debug|Any CPU.ActiveCfg = Debug|Any CPU
		{0EC92BCE-BC22-436C-82D1-26AAE24B44C3}.Debug|Any CPU.Build.0 = Debug|Any CPU
		{0EC92BCE-BC22-436C-82D1-26AAE24B44C3}.Debug|x64.ActiveCfg = Debug|Any CPU
		{0EC92BCE-BC22-436C-82D1-26AAE24B44C3}.Debug|x64.Build.0 = Debug|Any CPU
		{0EC92BCE-BC22-436C-82D1-26AAE24B44C3}.Debug|x86.ActiveCfg = Debug|Any CPU
		{0EC92BCE-BC22-436C-82D1-26AAE24B44C3}.Debug|x86.Build.0 = Debug|Any CPU
		{0EC92BCE-BC22-436C-82D1-26AAE24B44C3}.Release|Any CPU.ActiveCfg = Release|Any CPU
		{0EC92BCE-BC22-436C-82D1-26AAE24B44C3}.Release|Any CPU.Build.0 = Release|Any CPU
		{0EC92BCE-BC22-436C-82D1-26AAE24B44C3}.Release|x64.ActiveCfg = Release|Any CPU
		{0EC92BCE-BC22-436C-82D1-26AAE24B44C3}.Release|x64.Build.0 = Release|Any CPU
		{0EC92BCE-BC22-436C-82D1-26AAE24B44C3}.Release|x86.ActiveCfg = Release|Any CPU
		{0EC92BCE-BC22-436C-82D1-26AAE24B44C3}.Release|x86.Build.0 = Release|Any CPU
		{81B1CFDF-B9B8-4D00-AA7E-44D777C3731B}.Debug|Any CPU.ActiveCfg = Debug|Any CPU
		{81B1CFDF-B9B8-4D00-AA7E-44D777C3731B}.Debug|Any CPU.Build.0 = Debug|Any CPU
		{81B1CFDF-B9B8-4D00-AA7E-44D777C3731B}.Debug|x64.ActiveCfg = Debug|Any CPU
		{81B1CFDF-B9B8-4D00-AA7E-44D777C3731B}.Debug|x64.Build.0 = Debug|Any CPU
		{81B1CFDF-B9B8-4D00-AA7E-44D777C3731B}.Debug|x86.ActiveCfg = Debug|Any CPU
		{81B1CFDF-B9B8-4D00-AA7E-44D777C3731B}.Debug|x86.Build.0 = Debug|Any CPU
		{81B1CFDF-B9B8-4D00-AA7E-44D777C3731B}.Release|Any CPU.ActiveCfg = Release|Any CPU
		{81B1CFDF-B9B8-4D00-AA7E-44D777C3731B}.Release|Any CPU.Build.0 = Release|Any CPU
		{81B1CFDF-B9B8-4D00-AA7E-44D777C3731B}.Release|x64.ActiveCfg = Release|Any CPU
		{81B1CFDF-B9B8-4D00-AA7E-44D777C3731B}.Release|x64.Build.0 = Release|Any CPU
		{81B1CFDF-B9B8-4D00-AA7E-44D777C3731B}.Release|x86.ActiveCfg = Release|Any CPU
		{81B1CFDF-B9B8-4D00-AA7E-44D777C3731B}.Release|x86.Build.0 = Release|Any CPU
		{6718BCD9-B77F-4ED3-89B4-C8758539D7C2}.Debug|Any CPU.ActiveCfg = Debug|Any CPU
		{6718BCD9-B77F-4ED3-89B4-C8758539D7C2}.Debug|Any CPU.Build.0 = Debug|Any CPU
		{6718BCD9-B77F-4ED3-89B4-C8758539D7C2}.Debug|x64.ActiveCfg = Debug|Any CPU
		{6718BCD9-B77F-4ED3-89B4-C8758539D7C2}.Debug|x64.Build.0 = Debug|Any CPU
		{6718BCD9-B77F-4ED3-89B4-C8758539D7C2}.Debug|x86.ActiveCfg = Debug|Any CPU
		{6718BCD9-B77F-4ED3-89B4-C8758539D7C2}.Debug|x86.Build.0 = Debug|Any CPU
		{6718BCD9-B77F-4ED3-89B4-C8758539D7C2}.Release|Any CPU.ActiveCfg = Release|Any CPU
		{6718BCD9-B77F-4ED3-89B4-C8758539D7C2}.Release|Any CPU.Build.0 = Release|Any CPU
		{6718BCD9-B77F-4ED3-89B4-C8758539D7C2}.Release|x64.ActiveCfg = Release|Any CPU
		{6718BCD9-B77F-4ED3-89B4-C8758539D7C2}.Release|x64.Build.0 = Release|Any CPU
		{6718BCD9-B77F-4ED3-89B4-C8758539D7C2}.Release|x86.ActiveCfg = Release|Any CPU
		{6718BCD9-B77F-4ED3-89B4-C8758539D7C2}.Release|x86.Build.0 = Release|Any CPU
		{57D52A1B-3C37-4061-9540-AE1133412173}.Debug|Any CPU.ActiveCfg = Debug|Any CPU
		{57D52A1B-3C37-4061-9540-AE1133412173}.Debug|Any CPU.Build.0 = Debug|Any CPU
		{57D52A1B-3C37-4061-9540-AE1133412173}.Debug|x64.ActiveCfg = Debug|Any CPU
		{57D52A1B-3C37-4061-9540-AE1133412173}.Debug|x64.Build.0 = Debug|Any CPU
		{57D52A1B-3C37-4061-9540-AE1133412173}.Debug|x86.ActiveCfg = Debug|Any CPU
		{57D52A1B-3C37-4061-9540-AE1133412173}.Debug|x86.Build.0 = Debug|Any CPU
		{57D52A1B-3C37-4061-9540-AE1133412173}.Release|Any CPU.ActiveCfg = Release|Any CPU
		{57D52A1B-3C37-4061-9540-AE1133412173}.Release|Any CPU.Build.0 = Release|Any CPU
		{57D52A1B-3C37-4061-9540-AE1133412173}.Release|x64.ActiveCfg = Release|Any CPU
		{57D52A1B-3C37-4061-9540-AE1133412173}.Release|x64.Build.0 = Release|Any CPU
		{57D52A1B-3C37-4061-9540-AE1133412173}.Release|x86.ActiveCfg = Release|Any CPU
		{57D52A1B-3C37-4061-9540-AE1133412173}.Release|x86.Build.0 = Release|Any CPU
		{E9F4CB56-167A-43FB-8B4A-801EECCE9708}.Debug|Any CPU.ActiveCfg = Debug|Any CPU
		{E9F4CB56-167A-43FB-8B4A-801EECCE9708}.Debug|Any CPU.Build.0 = Debug|Any CPU
		{E9F4CB56-167A-43FB-8B4A-801EECCE9708}.Debug|x64.ActiveCfg = Debug|Any CPU
		{E9F4CB56-167A-43FB-8B4A-801EECCE9708}.Debug|x64.Build.0 = Debug|Any CPU
		{E9F4CB56-167A-43FB-8B4A-801EECCE9708}.Debug|x86.ActiveCfg = Debug|Any CPU
		{E9F4CB56-167A-43FB-8B4A-801EECCE9708}.Debug|x86.Build.0 = Debug|Any CPU
		{E9F4CB56-167A-43FB-8B4A-801EECCE9708}.Release|Any CPU.ActiveCfg = Release|Any CPU
		{E9F4CB56-167A-43FB-8B4A-801EECCE9708}.Release|Any CPU.Build.0 = Release|Any CPU
		{E9F4CB56-167A-43FB-8B4A-801EECCE9708}.Release|x64.ActiveCfg = Release|Any CPU
		{E9F4CB56-167A-43FB-8B4A-801EECCE9708}.Release|x64.Build.0 = Release|Any CPU
		{E9F4CB56-167A-43FB-8B4A-801EECCE9708}.Release|x86.ActiveCfg = Release|Any CPU
		{E9F4CB56-167A-43FB-8B4A-801EECCE9708}.Release|x86.Build.0 = Release|Any CPU
		{C1149153-4B7D-49EC-88BA-4C2BB186519E}.Debug|Any CPU.ActiveCfg = Debug|Any CPU
		{C1149153-4B7D-49EC-88BA-4C2BB186519E}.Debug|Any CPU.Build.0 = Debug|Any CPU
		{C1149153-4B7D-49EC-88BA-4C2BB186519E}.Debug|x64.ActiveCfg = Debug|Any CPU
		{C1149153-4B7D-49EC-88BA-4C2BB186519E}.Debug|x64.Build.0 = Debug|Any CPU
		{C1149153-4B7D-49EC-88BA-4C2BB186519E}.Debug|x86.ActiveCfg = Debug|Any CPU
		{C1149153-4B7D-49EC-88BA-4C2BB186519E}.Debug|x86.Build.0 = Debug|Any CPU
		{C1149153-4B7D-49EC-88BA-4C2BB186519E}.Release|Any CPU.ActiveCfg = Release|Any CPU
		{C1149153-4B7D-49EC-88BA-4C2BB186519E}.Release|Any CPU.Build.0 = Release|Any CPU
		{C1149153-4B7D-49EC-88BA-4C2BB186519E}.Release|x64.ActiveCfg = Release|Any CPU
		{C1149153-4B7D-49EC-88BA-4C2BB186519E}.Release|x64.Build.0 = Release|Any CPU
		{C1149153-4B7D-49EC-88BA-4C2BB186519E}.Release|x86.ActiveCfg = Release|Any CPU
		{C1149153-4B7D-49EC-88BA-4C2BB186519E}.Release|x86.Build.0 = Release|Any CPU
		{993ECD7F-3902-4881-BCA3-092B1E1A6713}.Debug|Any CPU.ActiveCfg = Debug|Any CPU
		{993ECD7F-3902-4881-BCA3-092B1E1A6713}.Debug|Any CPU.Build.0 = Debug|Any CPU
		{993ECD7F-3902-4881-BCA3-092B1E1A6713}.Debug|x64.ActiveCfg = Debug|Any CPU
		{993ECD7F-3902-4881-BCA3-092B1E1A6713}.Debug|x64.Build.0 = Debug|Any CPU
		{993ECD7F-3902-4881-BCA3-092B1E1A6713}.Debug|x86.ActiveCfg = Debug|Any CPU
		{993ECD7F-3902-4881-BCA3-092B1E1A6713}.Debug|x86.Build.0 = Debug|Any CPU
		{993ECD7F-3902-4881-BCA3-092B1E1A6713}.Release|Any CPU.ActiveCfg = Release|Any CPU
		{993ECD7F-3902-4881-BCA3-092B1E1A6713}.Release|Any CPU.Build.0 = Release|Any CPU
		{993ECD7F-3902-4881-BCA3-092B1E1A6713}.Release|x64.ActiveCfg = Release|Any CPU
		{993ECD7F-3902-4881-BCA3-092B1E1A6713}.Release|x64.Build.0 = Release|Any CPU
		{993ECD7F-3902-4881-BCA3-092B1E1A6713}.Release|x86.ActiveCfg = Release|Any CPU
		{993ECD7F-3902-4881-BCA3-092B1E1A6713}.Release|x86.Build.0 = Release|Any CPU
		{BEAA7DAF-F92A-416F-8B9D-85B1699685D6}.Debug|Any CPU.ActiveCfg = Debug|Any CPU
		{BEAA7DAF-F92A-416F-8B9D-85B1699685D6}.Debug|Any CPU.Build.0 = Debug|Any CPU
		{BEAA7DAF-F92A-416F-8B9D-85B1699685D6}.Debug|x64.ActiveCfg = Debug|Any CPU
		{BEAA7DAF-F92A-416F-8B9D-85B1699685D6}.Debug|x64.Build.0 = Debug|Any CPU
		{BEAA7DAF-F92A-416F-8B9D-85B1699685D6}.Debug|x86.ActiveCfg = Debug|Any CPU
		{BEAA7DAF-F92A-416F-8B9D-85B1699685D6}.Debug|x86.Build.0 = Debug|Any CPU
		{BEAA7DAF-F92A-416F-8B9D-85B1699685D6}.Release|Any CPU.ActiveCfg = Release|Any CPU
		{BEAA7DAF-F92A-416F-8B9D-85B1699685D6}.Release|Any CPU.Build.0 = Release|Any CPU
		{BEAA7DAF-F92A-416F-8B9D-85B1699685D6}.Release|x64.ActiveCfg = Release|Any CPU
		{BEAA7DAF-F92A-416F-8B9D-85B1699685D6}.Release|x64.Build.0 = Release|Any CPU
		{BEAA7DAF-F92A-416F-8B9D-85B1699685D6}.Release|x86.ActiveCfg = Release|Any CPU
		{BEAA7DAF-F92A-416F-8B9D-85B1699685D6}.Release|x86.Build.0 = Release|Any CPU
		{8A1356A9-3158-44EC-8AE8-B1F1310329AA}.Debug|Any CPU.ActiveCfg = Debug|Any CPU
		{8A1356A9-3158-44EC-8AE8-B1F1310329AA}.Debug|Any CPU.Build.0 = Debug|Any CPU
		{8A1356A9-3158-44EC-8AE8-B1F1310329AA}.Debug|x64.ActiveCfg = Debug|Any CPU
		{8A1356A9-3158-44EC-8AE8-B1F1310329AA}.Debug|x64.Build.0 = Debug|Any CPU
		{8A1356A9-3158-44EC-8AE8-B1F1310329AA}.Debug|x86.ActiveCfg = Debug|Any CPU
		{8A1356A9-3158-44EC-8AE8-B1F1310329AA}.Debug|x86.Build.0 = Debug|Any CPU
		{8A1356A9-3158-44EC-8AE8-B1F1310329AA}.Release|Any CPU.ActiveCfg = Release|Any CPU
		{8A1356A9-3158-44EC-8AE8-B1F1310329AA}.Release|Any CPU.Build.0 = Release|Any CPU
		{8A1356A9-3158-44EC-8AE8-B1F1310329AA}.Release|x64.ActiveCfg = Release|Any CPU
		{8A1356A9-3158-44EC-8AE8-B1F1310329AA}.Release|x64.Build.0 = Release|Any CPU
		{8A1356A9-3158-44EC-8AE8-B1F1310329AA}.Release|x86.ActiveCfg = Release|Any CPU
		{8A1356A9-3158-44EC-8AE8-B1F1310329AA}.Release|x86.Build.0 = Release|Any CPU
	EndGlobalSection
	GlobalSection(NestedProjects) = preSolution
		{0360AEC2-240D-4429-82AE-CB2C4B23CAD8} = {A0C92B49-5194-4008-92B4-2A6BF3299F6A}
		{02ADD5E9-0A6F-42BC-A84A-7DA4552B502D} = {0360AEC2-240D-4429-82AE-CB2C4B23CAD8}
		{539B9CA4-BF3E-4987-A77B-BED4728DD0EE} = {02ADD5E9-0A6F-42BC-A84A-7DA4552B502D}
		{19B95B13-BAFF-44EF-A8C5-61D8AB757618} = {02ADD5E9-0A6F-42BC-A84A-7DA4552B502D}
		{D77AC9CA-C4D7-4656-BA22-95840618F12B} = {0360AEC2-240D-4429-82AE-CB2C4B23CAD8}
		{C21CBADB-0AFC-4DCC-A267-5963D8B621F5} = {D77AC9CA-C4D7-4656-BA22-95840618F12B}
		{86814DF7-C335-4D11-B81C-465EF1ACA815} = {D77AC9CA-C4D7-4656-BA22-95840618F12B}
		{56EAC788-EA9D-489F-AD23-C202F2A891EF} = {0360AEC2-240D-4429-82AE-CB2C4B23CAD8}
		{C8A03623-3670-4C94-987D-EC5B25389BD6} = {56EAC788-EA9D-489F-AD23-C202F2A891EF}
		{160E5384-5424-40E8-9632-D7F720E9DD48} = {56EAC788-EA9D-489F-AD23-C202F2A891EF}
		{CD4C8533-8F91-40E5-A055-4B4CAC41EC64} = {0360AEC2-240D-4429-82AE-CB2C4B23CAD8}
		{C1F29E7F-D855-43E3-AC86-BF4FBCEC39EB} = {CD4C8533-8F91-40E5-A055-4B4CAC41EC64}
		{50446CB2-818A-4A30-99F4-DA8C1BE73837} = {CD4C8533-8F91-40E5-A055-4B4CAC41EC64}
		{B6F930A6-9604-41AA-9C8E-321402F77BEB} = {0360AEC2-240D-4429-82AE-CB2C4B23CAD8}
		{EF63374D-B133-4395-875E-0C35CF353D04} = {B6F930A6-9604-41AA-9C8E-321402F77BEB}
		{92860397-B228-4EC2-8F3C-AFAB95122FB4} = {B6F930A6-9604-41AA-9C8E-321402F77BEB}
		{65E4DB67-8665-439A-85AC-3A314B762D79} = {0360AEC2-240D-4429-82AE-CB2C4B23CAD8}
		{AD18EA2D-72FF-4D2F-95C5-357C92C0A9AF} = {65E4DB67-8665-439A-85AC-3A314B762D79}
		{46AB4B03-CAD3-4AFD-BBF3-217CF7A3FE55} = {65E4DB67-8665-439A-85AC-3A314B762D79}
		{E9A1CAEC-E3E5-493D-B6AE-9781F69A83D4} = {0360AEC2-240D-4429-82AE-CB2C4B23CAD8}
		{FEE57416-5E1F-4F62-B9FF-41F7492660C6} = {E9A1CAEC-E3E5-493D-B6AE-9781F69A83D4}
		{009237A9-C8AF-4A9C-885A-FC0F3C55C165} = {E9A1CAEC-E3E5-493D-B6AE-9781F69A83D4}
		{2CD4A668-31BA-4D87-9240-E58D8F9F341F} = {0360AEC2-240D-4429-82AE-CB2C4B23CAD8}
		{78D4498B-15DF-4E25-8F17-3238264FEDF9} = {2CD4A668-31BA-4D87-9240-E58D8F9F341F}
		{DA33B58A-BEE4-45FC-8A03-6E71E57CD719} = {2CD4A668-31BA-4D87-9240-E58D8F9F341F}
		{C1D5E598-1623-40C3-A3CC-97FAD9DADDB8} = {0360AEC2-240D-4429-82AE-CB2C4B23CAD8}
		{11DCFDAA-C678-4C15-A7F2-B1D983F89771} = {C1D5E598-1623-40C3-A3CC-97FAD9DADDB8}
		{6411D397-FE83-45D9-90C3-0DCAC361464B} = {C1D5E598-1623-40C3-A3CC-97FAD9DADDB8}
		{47F34486-D8DC-49BA-B22E-6015B180F56C} = {0360AEC2-240D-4429-82AE-CB2C4B23CAD8}
		{0193DC83-7111-4264-A079-858F0401DB86} = {47F34486-D8DC-49BA-B22E-6015B180F56C}
		{B24C90B5-1440-4DBB-B972-B7F4E1BF6125} = {47F34486-D8DC-49BA-B22E-6015B180F56C}
		{71EA921C-7139-4F52-B70B-0AEF6FC3130B} = {0360AEC2-240D-4429-82AE-CB2C4B23CAD8}
		{3D33C086-7CDF-4814-9350-DCD7BC042E10} = {71EA921C-7139-4F52-B70B-0AEF6FC3130B}
		{33897855-C1EE-46D0-8A46-6F50660427ED} = {71EA921C-7139-4F52-B70B-0AEF6FC3130B}
		{B084B4A9-AC63-4CE3-8C48-C3FEA7395F82} = {0360AEC2-240D-4429-82AE-CB2C4B23CAD8}
		{D67045C4-6C3A-4EFE-906B-9090BA5D4786} = {B084B4A9-AC63-4CE3-8C48-C3FEA7395F82}
		{8A8A62AD-3918-45FA-8837-771F5819A49D} = {B084B4A9-AC63-4CE3-8C48-C3FEA7395F82}
		{BAB69057-30A9-47E5-A85A-E0DEBAA90AD1} = {0360AEC2-240D-4429-82AE-CB2C4B23CAD8}
		{2B5BBCBB-D75B-46D2-9FB3-7A33FDD4C5B0} = {BAB69057-30A9-47E5-A85A-E0DEBAA90AD1}
		{22FA339A-CF19-42CB-B266-4FD452F21965} = {BAB69057-30A9-47E5-A85A-E0DEBAA90AD1}
		{EE9C3FFA-CF54-46FC-9EC9-EA5F2FEE83BF} = {0360AEC2-240D-4429-82AE-CB2C4B23CAD8}
		{1B381107-B4EE-482D-9BC6-6C9A39B2DAF7} = {EE9C3FFA-CF54-46FC-9EC9-EA5F2FEE83BF}
		{28F03355-B870-4D66-8F11-FA4D57DA0982} = {EE9C3FFA-CF54-46FC-9EC9-EA5F2FEE83BF}
		{C8BC0A92-CC9E-4C42-B173-56C5DE09B81B} = {0360AEC2-240D-4429-82AE-CB2C4B23CAD8}
		{E057B75A-786E-408F-A621-57B3DEC30B39} = {C8BC0A92-CC9E-4C42-B173-56C5DE09B81B}
		{0EC92BCE-BC22-436C-82D1-26AAE24B44C3} = {C8BC0A92-CC9E-4C42-B173-56C5DE09B81B}
		{52203D46-35B2-4234-84BB-F74AFCD98F38} = {0360AEC2-240D-4429-82AE-CB2C4B23CAD8}
		{81B1CFDF-B9B8-4D00-AA7E-44D777C3731B} = {52203D46-35B2-4234-84BB-F74AFCD98F38}
		{6718BCD9-B77F-4ED3-89B4-C8758539D7C2} = {52203D46-35B2-4234-84BB-F74AFCD98F38}
		{D509B2D3-960E-42B3-A31B-D85993FBCAC4} = {0360AEC2-240D-4429-82AE-CB2C4B23CAD8}
		{57D52A1B-3C37-4061-9540-AE1133412173} = {D509B2D3-960E-42B3-A31B-D85993FBCAC4}
		{E9F4CB56-167A-43FB-8B4A-801EECCE9708} = {D509B2D3-960E-42B3-A31B-D85993FBCAC4}
		{B69AE385-D7CD-41F7-8AEF-A147CF1F5075} = {0360AEC2-240D-4429-82AE-CB2C4B23CAD8}
		{C1149153-4B7D-49EC-88BA-4C2BB186519E} = {B69AE385-D7CD-41F7-8AEF-A147CF1F5075}
		{993ECD7F-3902-4881-BCA3-092B1E1A6713} = {B69AE385-D7CD-41F7-8AEF-A147CF1F5075}
		{BEAA7DAF-F92A-416F-8B9D-85B1699685D6} = {A0C92B49-5194-4008-92B4-2A6BF3299F6A}
		{8A1356A9-3158-44EC-8AE8-B1F1310329AA} = {A0C92B49-5194-4008-92B4-2A6BF3299F6A}
	EndGlobalSection
EndGlobal
